Microsoft Visual Studio Solution File, Format Version 12.00
# Visual Studio Version 17
VisualStudioVersion = 17.5.2.0
MinimumVisualStudioVersion = 10.0.40219.1
Project("{FAE04EC0-301F-11D3-BF4B-00C04F79EFBC}") = "OpenDrawer", "OpenDrawer\OpenDrawer.csproj", "{6581C74C-90FB-23FD-A2B3-B9F66C717F47}"
EndProject
Global
	GlobalSection(SolutionConfigurationPlatforms) = preSolution
		Debug|Any CPU = Debug|Any CPU
		Release|Any CPU = Release|Any CPU
	EndGlobalSection
	GlobalSection(ProjectConfigurationPlatforms) = postSolution
		{6581C74C-90FB-23FD-A2B3-B9F66C717F47}.Debug|Any CPU.ActiveCfg = Debug|Any CPU
		{6581C74C-90FB-23FD-A2B3-B9F66C717F47}.Debug|Any CPU.Build.0 = Debug|Any CPU
		{6581C74C-90FB-23FD-A2B3-B9F66C717F47}.Release|Any CPU.ActiveCfg = Release|Any CPU
		{6581C74C-90FB-23FD-A2B3-B9F66C717F47}.Release|Any CPU.Build.0 = Release|Any CPU
	EndGlobalSection
	GlobalSection(SolutionProperties) = preSolution
		HideSolutionNode = FALSE
	EndGlobalSection
	GlobalSection(ExtensibilityGlobals) = postSolution
		SolutionGuid = {CFB0AB93-C095-4BE8-916C-25411193D2BB}
	EndGlobalSection
EndGlobal
